
Microsoft Visual Studio Solution File, Format Version 12.00
# Visual Studio Version 16
VisualStudioVersion = 16.0.32228.343
MinimumVisualStudioVersion = 10.0.40219.1
Project("{FAE04EC0-301F-11D3-BF4B-00C04F79EFBC}") = "FormDemoAmFreitag", "FormDemoAmFreitag\FormDemoAmFreitag.csproj", "{D3A68BD8-F405-40B2-92BE-5B721EE956A9}"
EndProject
Global
	GlobalSection(SolutionConfigurationPlatforms) = preSolution
		Debug|Any CPU = Debug|Any CPU
		Release|Any CPU = Release|Any CPU
	EndGlobalSection
	GlobalSection(ProjectConfigurationPlatforms) = postSolution
		{D3A68BD8-F405-40B2-92BE-5B721EE956A9}.Debug|Any CPU.ActiveCfg = Debug|Any CPU
		{D3A68BD8-F405-40B2-92BE-5B721EE956A9}.Debug|Any CPU.Build.0 = Debug|Any CPU
		{D3A68BD8-F405-40B2-92BE-5B721EE956A9}.Release|Any CPU.ActiveCfg = Release|Any CPU
		{D3A68BD8-F405-40B2-92BE-5B721EE956A9}.Release|Any CPU.Build.0 = Release|Any CPU
	EndGlobalSection
	GlobalSection(SolutionProperties) = preSolution
		HideSolutionNode = FALSE
	EndGlobalSection
	GlobalSection(ExtensibilityGlobals) = postSolution
		SolutionGuid = {1884988A-0ADB-442F-B37A-C1EEE7015192}
	EndGlobalSection
EndGlobal
